
Microsoft Visual Studio Solution File, Format Version 12.00
# Visual Studio Version 17
VisualStudioVersion = 17.4.33213.308
MinimumVisualStudioVersion = 10.0.40219.1
Project("{FAE04EC0-301F-11D3-BF4B-00C04F79EFBC}") = "NPL.M.A011.Exercise1", "NPL.M.A011.Exercise1\NPL.M.A011.Exercise1.csproj", "{B3962317-1218-432B-9E51-CD7E513A2795}"
EndProject
Project("{FAE04EC0-301F-11D3-BF4B-00C04F79EFBC}") = "NPL.M.A011.Exercise2", "NPL.M.A011.Exercise2\NPL.M.A011.Exercise2.csproj", "{930CB57B-20F0-444C-8A1B-146108F1D738}"
EndProject
Project("{FAE04EC0-301F-11D3-BF4B-00C04F79EFBC}") = "NPL.M.A011.Exercise3", "NPL.M.A011.Exercise3\NPL.M.A011.Exercise3.csproj", "{5B00040B-1D80-45B1-BB43-FC29848688B5}"
EndProject
Global
	GlobalSection(SolutionConfigurationPlatforms) = preSolution
		Debug|Any CPU = Debug|Any CPU
		Release|Any CPU = Release|Any CPU
	EndGlobalSection
	GlobalSection(ProjectConfigurationPlatforms) = postSolution
		{B3962317-1218-432B-9E51-CD7E513A2795}.Debug|Any CPU.ActiveCfg = Debug|Any CPU
		{B3962317-1218-432B-9E51-CD7E513A2795}.Debug|Any CPU.Build.0 = Debug|Any CPU
		{B3962317-1218-432B-9E51-CD7E513A2795}.Release|Any CPU.ActiveCfg = Release|Any CPU
		{B3962317-1218-432B-9E51-CD7E513A2795}.Release|Any CPU.Build.0 = Release|Any CPU
		{930CB57B-20F0-444C-8A1B-146108F1D738}.Debug|Any CPU.ActiveCfg = Debug|Any CPU
		{930CB57B-20F0-444C-8A1B-146108F1D738}.Debug|Any CPU.Build.0 = Debug|Any CPU
		{930CB57B-20F0-444C-8A1B-146108F1D738}.Release|Any CPU.ActiveCfg = Release|Any CPU
		{930CB57B-20F0-444C-8A1B-146108F1D738}.Release|Any CPU.Build.0 = Release|Any CPU
		{5B00040B-1D80-45B1-BB43-FC29848688B5}.Debug|Any CPU.ActiveCfg = Debug|Any CPU
		{5B00040B-1D80-45B1-BB43-FC29848688B5}.Debug|Any CPU.Build.0 = Debug|Any CPU
		{5B00040B-1D80-45B1-BB43-FC29848688B5}.Release|Any CPU.ActiveCfg = Release|Any CPU
		{5B00040B-1D80-45B1-BB43-FC29848688B5}.Release|Any CPU.Build.0 = Release|Any CPU
	EndGlobalSection
	GlobalSection(SolutionProperties) = preSolution
		HideSolutionNode = FALSE
	EndGlobalSection
	GlobalSection(ExtensibilityGlobals) = postSolution
		SolutionGuid = {BBC5B5A2-6137-4302-B257-E6EDAB7E6A78}
	EndGlobalSection
EndGlobal
