
Microsoft Visual Studio Solution File, Format Version 12.00
# Visual Studio Version 17
VisualStudioVersion = 17.4.33205.214
MinimumVisualStudioVersion = 10.0.40219.1
Project("{FAE04EC0-301F-11D3-BF4B-00C04F79EFBC}") = "Net.M.A009.Exercise1", "Net.M.A009.Exercise1\Net.M.A009.Exercise1.csproj", "{DF8ABAE1-0D2B-40FA-8322-71254827FF2B}"
EndProject
Project("{FAE04EC0-301F-11D3-BF4B-00C04F79EFBC}") = "Net.M.A009.Exercise2", "Net.M.A009.Exercise2\Net.M.A009.Exercise2.csproj", "{C5523057-376C-48D0-A20D-10637E9719E0}"
EndProject
Project("{FAE04EC0-301F-11D3-BF4B-00C04F79EFBC}") = "Net.M.A009.Exercise3", "Net.M.A009.Exercise3\Net.M.A009.Exercise3.csproj", "{8AD2C221-51FD-4CBD-B94E-0A96493D8C64}"
EndProject
Global
	GlobalSection(SolutionConfigurationPlatforms) = preSolution
		Debug|Any CPU = Debug|Any CPU
		Release|Any CPU = Release|Any CPU
	EndGlobalSection
	GlobalSection(ProjectConfigurationPlatforms) = postSolution
		{DF8ABAE1-0D2B-40FA-8322-71254827FF2B}.Debug|Any CPU.ActiveCfg = Debug|Any CPU
		{DF8ABAE1-0D2B-40FA-8322-71254827FF2B}.Debug|Any CPU.Build.0 = Debug|Any CPU
		{DF8ABAE1-0D2B-40FA-8322-71254827FF2B}.Release|Any CPU.ActiveCfg = Release|Any CPU
		{DF8ABAE1-0D2B-40FA-8322-71254827FF2B}.Release|Any CPU.Build.0 = Release|Any CPU
		{C5523057-376C-48D0-A20D-10637E9719E0}.Debug|Any CPU.ActiveCfg = Debug|Any CPU
		{C5523057-376C-48D0-A20D-10637E9719E0}.Debug|Any CPU.Build.0 = Debug|Any CPU
		{C5523057-376C-48D0-A20D-10637E9719E0}.Release|Any CPU.ActiveCfg = Release|Any CPU
		{C5523057-376C-48D0-A20D-10637E9719E0}.Release|Any CPU.Build.0 = Release|Any CPU
		{8AD2C221-51FD-4CBD-B94E-0A96493D8C64}.Debug|Any CPU.ActiveCfg = Debug|Any CPU
		{8AD2C221-51FD-4CBD-B94E-0A96493D8C64}.Debug|Any CPU.Build.0 = Debug|Any CPU
		{8AD2C221-51FD-4CBD-B94E-0A96493D8C64}.Release|Any CPU.ActiveCfg = Release|Any CPU
		{8AD2C221-51FD-4CBD-B94E-0A96493D8C64}.Release|Any CPU.Build.0 = Release|Any CPU
	EndGlobalSection
	GlobalSection(SolutionProperties) = preSolution
		HideSolutionNode = FALSE
	EndGlobalSection
	GlobalSection(ExtensibilityGlobals) = postSolution
		SolutionGuid = {3FAA9E32-221E-4D63-9F9F-ED4739129CFD}
	EndGlobalSection
EndGlobal
